
Microsoft Visual Studio Solution File, Format Version 12.00
# Visual Studio Version 16
VisualStudioVersion = 16.0.29123.88
MinimumVisualStudioVersion = 10.0.40219.1
Project("{FAE04EC0-301F-11D3-BF4B-00C04F79EFBC}") = "WPF", "WPF\WPF.csproj", "{0302BDBD-6701-4F47-9CEA-A562D098B798}"
EndProject
Project("{FAE04EC0-301F-11D3-BF4B-00C04F79EFBC}") = "WPF_Employees", "WPF_Employees\WPF_Employees.csproj", "{89A80AF2-08F0-4A21-974F-EDDB6A41EF21}"
EndProject
Global
	GlobalSection(SolutionConfigurationPlatforms) = preSolution
		Debug|Any CPU = Debug|Any CPU
		Release|Any CPU = Release|Any CPU
	EndGlobalSection
	GlobalSection(ProjectConfigurationPlatforms) = postSolution
		{0302BDBD-6701-4F47-9CEA-A562D098B798}.Debug|Any CPU.ActiveCfg = Debug|Any CPU
		{0302BDBD-6701-4F47-9CEA-A562D098B798}.Debug|Any CPU.Build.0 = Debug|Any CPU
		{0302BDBD-6701-4F47-9CEA-A562D098B798}.Release|Any CPU.ActiveCfg = Release|Any CPU
		{0302BDBD-6701-4F47-9CEA-A562D098B798}.Release|Any CPU.Build.0 = Release|Any CPU
		{89A80AF2-08F0-4A21-974F-EDDB6A41EF21}.Debug|Any CPU.ActiveCfg = Debug|Any CPU
		{89A80AF2-08F0-4A21-974F-EDDB6A41EF21}.Debug|Any CPU.Build.0 = Debug|Any CPU
		{89A80AF2-08F0-4A21-974F-EDDB6A41EF21}.Release|Any CPU.ActiveCfg = Release|Any CPU
		{89A80AF2-08F0-4A21-974F-EDDB6A41EF21}.Release|Any CPU.Build.0 = Release|Any CPU
	EndGlobalSection
	GlobalSection(SolutionProperties) = preSolution
		HideSolutionNode = FALSE
	EndGlobalSection
	GlobalSection(ExtensibilityGlobals) = postSolution
		SolutionGuid = {C3F03E33-68A0-4DCA-9CAC-521D2A93AD18}
	EndGlobalSection
EndGlobal
